Microsoft Visual Studio Solution File, Format Version 11.00
# Visual Studio 2008

Project("{8E201971-D05A-4C4C-4AAD-C28DB28B700E}") = "PunchNKick", "Assembly-CSharp.csproj", "{2C07588D-D2DA-E339-CE1B-AF51F8BCA8C9}"
EndProject
Global
	GlobalSection(SolutionConfigurationPlatforms) = preSolution
		Debug|Any CPU = Debug|Any CPU
		Release|Any CPU = Release|Any CPU
	EndGlobalSection
	GlobalSection(ProjectConfigurationPlatforms) = postSolution
		{2C07588D-D2DA-E339-CE1B-AF51F8BCA8C9}.Debug|Any CPU.ActiveCfg = Debug|Any CPU
		{2C07588D-D2DA-E339-CE1B-AF51F8BCA8C9}.Debug|Any CPU.Build.0 = Debug|Any CPU
		{2C07588D-D2DA-E339-CE1B-AF51F8BCA8C9}.Release|Any CPU.ActiveCfg = Release|Any CPU
		{2C07588D-D2DA-E339-CE1B-AF51F8BCA8C9}.Release|Any CPU.Build.0 = Release|Any CPU
	EndGlobalSection
	GlobalSection(SolutionProperties) = preSolution
		HideSolutionNode = FALSE
	EndGlobalSection
	GlobalSection(MonoDevelopProperties) = preSolution
		StartupItem = Assembly-CSharp.csproj
	EndGlobalSection
EndGlobal
